
Microsoft Visual Studio Solution File, Format Version 12.00
# Visual Studio Version 17
VisualStudioVersion = 17.5.33530.505
MinimumVisualStudioVersion = 10.0.40219.1
Project("{FAE04EC0-301F-11D3-BF4B-00C04F79EFBC}") = "OnlineJobPortal", "OnlineJobPortal\OnlineJobPortal.csproj", "{CADF3A45-7AE1-4759-B327-3890DAA740CF}"
EndProject
Global
	GlobalSection(SolutionConfigurationPlatforms) = preSolution
		Debug|Any CPU = Debug|Any CPU
		Release|Any CPU = Release|Any CPU
	EndGlobalSection
	GlobalSection(ProjectConfigurationPlatforms) = postSolution
		{CADF3A45-7AE1-4759-B327-3890DAA740CF}.Debug|Any CPU.ActiveCfg = Debug|Any CPU
		{CADF3A45-7AE1-4759-B327-3890DAA740CF}.Debug|Any CPU.Build.0 = Debug|Any CPU
		{CADF3A45-7AE1-4759-B327-3890DAA740CF}.Release|Any CPU.ActiveCfg = Release|Any CPU
		{CADF3A45-7AE1-4759-B327-3890DAA740CF}.Release|Any CPU.Build.0 = Release|Any CPU
	EndGlobalSection
	GlobalSection(SolutionProperties) = preSolution
		HideSolutionNode = FALSE
	EndGlobalSection
	GlobalSection(ExtensibilityGlobals) = postSolution
		SolutionGuid = {9F26C1D3-3355-4C41-BBB3-4F3FE94D4F3A}
	EndGlobalSection
EndGlobal
